
Microsoft Visual Studio Solution File, Format Version 12.00
# Visual Studio Version 17
VisualStudioVersion = 17.5.002.0
MinimumVisualStudioVersion = 10.0.40219.1
Project("{9A19103F-16F7-4668-BE54-9A1E7A4F7556}") = "Calculadora", "Calculadora.csproj", "{09E08C58-29E3-4E5A-8AB6-6708B869202E}"
EndProject
Global
	GlobalSection(SolutionConfigurationPlatforms) = preSolution
		Debug|Any CPU = Debug|Any CPU
		Release|Any CPU = Release|Any CPU
	EndGlobalSection
	GlobalSection(ProjectConfigurationPlatforms) = postSolution
		{09E08C58-29E3-4E5A-8AB6-6708B869202E}.Debug|Any CPU.ActiveCfg = Debug|Any CPU
		{09E08C58-29E3-4E5A-8AB6-6708B869202E}.Debug|Any CPU.Build.0 = Debug|Any CPU
		{09E08C58-29E3-4E5A-8AB6-6708B869202E}.Release|Any CPU.ActiveCfg = Release|Any CPU
		{09E08C58-29E3-4E5A-8AB6-6708B869202E}.Release|Any CPU.Build.0 = Release|Any CPU
	EndGlobalSection
	GlobalSection(SolutionProperties) = preSolution
		HideSolutionNode = FALSE
	EndGlobalSection
	GlobalSection(ExtensibilityGlobals) = postSolution
		SolutionGuid = {654C5820-6AB2-4EEB-854A-ACA197DDF725}
	EndGlobalSection
EndGlobal
